
Microsoft Visual Studio Solution File, Format Version 12.00
# Visual Studio 15
VisualStudioVersion = 15.0.28307.572
MinimumVisualStudioVersion = 10.0.40219.1
Project("{8BC9CEB8-8B4A-11D0-8D11-00A0C91BC942}") = "00-AutoCode", "00-AutoCode\00-AutoCode.vcxproj", "{C96E7AF2-DB91-4277-AD1E-E23C0E4F36E4}"
EndProject
Project("{8BC9CEB8-8B4A-11D0-8D11-00A0C91BC942}") = "01-Basic", "01-Basic\01-Basic.vcxproj", "{9A1FE274-0805-4C44-8C36-30C93E27A336}"
EndProject
Project("{8BC9CEB8-8B4A-11D0-8D11-00A0C91BC942}") = "02-FormBasedWindow", "02-FormBasedWindow\02-FormBasedWindow.vcxproj", "{AC723874-DA40-424E-91AB-86C7612C33BE}"
EndProject
Project("{8BC9CEB8-8B4A-11D0-8D11-00A0C91BC942}") = "03-FileOpen", "03-FileOpen\03-FileOpen.vcxproj", "{07D7B3E8-8133-4F0E-8F43-41B2C85587D8}"
EndProject
Project("{8BC9CEB8-8B4A-11D0-8D11-00A0C91BC942}") = "04-ImageViewer", "04-ImageViewer\04-ImageViewer.vcxproj", "{AB235B5D-87D8-42EB-877C-26529DDCF459}"
EndProject
Project("{8BC9CEB8-8B4A-11D0-8D11-00A0C91BC942}") = "0501-Control", "0501-Control\0501-Control.vcxproj", "{DF0FA0F4-8CEA-42CA-87F6-D6791FBAB52A}"
EndProject
Project("{8BC9CEB8-8B4A-11D0-8D11-00A0C91BC942}") = "0502-Radio-Check", "0502-Radio-Check\0502-Radio-Check.vcxproj", "{7E54D877-3D2D-4CC3-B8B8-DD5E7B0DEE4F}"
EndProject
Project("{8BC9CEB8-8B4A-11D0-8D11-00A0C91BC942}") = "0503-ManualCheck", "0503-ManualCheck\0503-ManualCheck.vcxproj", "{6319D057-52D1-46A2-872F-7AAA07331B05}"
EndProject
Project("{8BC9CEB8-8B4A-11D0-8D11-00A0C91BC942}") = "0504-ComboBox", "0504-ComboBox\0504-ComboBox.vcxproj", "{58AE161B-17C8-4558-AD78-43B6EA564273}"
EndProject
Project("{8BC9CEB8-8B4A-11D0-8D11-00A0C91BC942}") = "0505-List", "0505-List\0505-List.vcxproj", "{5C60B29B-FE18-4AB3-A9D7-4301E5A25E65}"
EndProject
Global
	GlobalSection(SolutionConfigurationPlatforms) = preSolution
		Debug|x64 = Debug|x64
		Debug|x86 = Debug|x86
		Release|x64 = Release|x64
		Release|x86 = Release|x86
	EndGlobalSection
	GlobalSection(ProjectConfigurationPlatforms) = postSolution
		{C96E7AF2-DB91-4277-AD1E-E23C0E4F36E4}.Debug|x64.ActiveCfg = Debug|x64
		{C96E7AF2-DB91-4277-AD1E-E23C0E4F36E4}.Debug|x64.Build.0 = Debug|x64
		{C96E7AF2-DB91-4277-AD1E-E23C0E4F36E4}.Debug|x86.ActiveCfg = Debug|Win32
		{C96E7AF2-DB91-4277-AD1E-E23C0E4F36E4}.Debug|x86.Build.0 = Debug|Win32
		{C96E7AF2-DB91-4277-AD1E-E23C0E4F36E4}.Release|x64.ActiveCfg = Release|x64
		{C96E7AF2-DB91-4277-AD1E-E23C0E4F36E4}.Release|x64.Build.0 = Release|x64
		{C96E7AF2-DB91-4277-AD1E-E23C0E4F36E4}.Release|x86.ActiveCfg = Release|Win32
		{C96E7AF2-DB91-4277-AD1E-E23C0E4F36E4}.Release|x86.Build.0 = Release|Win32
		{9A1FE274-0805-4C44-8C36-30C93E27A336}.Debug|x64.ActiveCfg = Debug|x64
		{9A1FE274-0805-4C44-8C36-30C93E27A336}.Debug|x64.Build.0 = Debug|x64
		{9A1FE274-0805-4C44-8C36-30C93E27A336}.Debug|x86.ActiveCfg = Debug|Win32
		{9A1FE274-0805-4C44-8C36-30C93E27A336}.Debug|x86.Build.0 = Debug|Win32
		{9A1FE274-0805-4C44-8C36-30C93E27A336}.Release|x64.ActiveCfg = Release|x64
		{9A1FE274-0805-4C44-8C36-30C93E27A336}.Release|x64.Build.0 = Release|x64
		{9A1FE274-0805-4C44-8C36-30C93E27A336}.Release|x86.ActiveCfg = Release|Win32
		{9A1FE274-0805-4C44-8C36-30C93E27A336}.Release|x86.Build.0 = Release|Win32
		{AC723874-DA40-424E-91AB-86C7612C33BE}.Debug|x64.ActiveCfg = Debug|x64
		{AC723874-DA40-424E-91AB-86C7612C33BE}.Debug|x64.Build.0 = Debug|x64
		{AC723874-DA40-424E-91AB-86C7612C33BE}.Debug|x86.ActiveCfg = Debug|Win32
		{AC723874-DA40-424E-91AB-86C7612C33BE}.Debug|x86.Build.0 = Debug|Win32
		{AC723874-DA40-424E-91AB-86C7612C33BE}.Release|x64.ActiveCfg = Release|x64
		{AC723874-DA40-424E-91AB-86C7612C33BE}.Release|x64.Build.0 = Release|x64
		{AC723874-DA40-424E-91AB-86C7612C33BE}.Release|x86.ActiveCfg = Release|Win32
		{AC723874-DA40-424E-91AB-86C7612C33BE}.Release|x86.Build.0 = Release|Win32
		{07D7B3E8-8133-4F0E-8F43-41B2C85587D8}.Debug|x64.ActiveCfg = Debug|x64
		{07D7B3E8-8133-4F0E-8F43-41B2C85587D8}.Debug|x64.Build.0 = Debug|x64
		{07D7B3E8-8133-4F0E-8F43-41B2C85587D8}.Debug|x86.ActiveCfg = Debug|Win32
		{07D7B3E8-8133-4F0E-8F43-41B2C85587D8}.Debug|x86.Build.0 = Debug|Win32
		{07D7B3E8-8133-4F0E-8F43-41B2C85587D8}.Release|x64.ActiveCfg = Release|x64
		{07D7B3E8-8133-4F0E-8F43-41B2C85587D8}.Release|x64.Build.0 = Release|x64
		{07D7B3E8-8133-4F0E-8F43-41B2C85587D8}.Release|x86.ActiveCfg = Release|Win32
		{07D7B3E8-8133-4F0E-8F43-41B2C85587D8}.Release|x86.Build.0 = Release|Win32
		{AB235B5D-87D8-42EB-877C-26529DDCF459}.Debug|x64.ActiveCfg = Debug|x64
		{AB235B5D-87D8-42EB-877C-26529DDCF459}.Debug|x64.Build.0 = Debug|x64
		{AB235B5D-87D8-42EB-877C-26529DDCF459}.Debug|x86.ActiveCfg = Debug|Win32
		{AB235B5D-87D8-42EB-877C-26529DDCF459}.Debug|x86.Build.0 = Debug|Win32
		{AB235B5D-87D8-42EB-877C-26529DDCF459}.Release|x64.ActiveCfg = Release|x64
		{AB235B5D-87D8-42EB-877C-26529DDCF459}.Release|x64.Build.0 = Release|x64
		{AB235B5D-87D8-42EB-877C-26529DDCF459}.Release|x86.ActiveCfg = Release|Win32
		{AB235B5D-87D8-42EB-877C-26529DDCF459}.Release|x86.Build.0 = Release|Win32
		{DF0FA0F4-8CEA-42CA-87F6-D6791FBAB52A}.Debug|x64.ActiveCfg = Debug|x64
		{DF0FA0F4-8CEA-42CA-87F6-D6791FBAB52A}.Debug|x64.Build.0 = Debug|x64
		{DF0FA0F4-8CEA-42CA-87F6-D6791FBAB52A}.Debug|x86.ActiveCfg = Debug|Win32
		{DF0FA0F4-8CEA-42CA-87F6-D6791FBAB52A}.Debug|x86.Build.0 = Debug|Win32
		{DF0FA0F4-8CEA-42CA-87F6-D6791FBAB52A}.Release|x64.ActiveCfg = Release|x64
		{DF0FA0F4-8CEA-42CA-87F6-D6791FBAB52A}.Release|x64.Build.0 = Release|x64
		{DF0FA0F4-8CEA-42CA-87F6-D6791FBAB52A}.Release|x86.ActiveCfg = Release|Win32
		{DF0FA0F4-8CEA-42CA-87F6-D6791FBAB52A}.Release|x86.Build.0 = Release|Win32
		{7E54D877-3D2D-4CC3-B8B8-DD5E7B0DEE4F}.Debug|x64.ActiveCfg = Debug|x64
		{7E54D877-3D2D-4CC3-B8B8-DD5E7B0DEE4F}.Debug|x64.Build.0 = Debug|x64
		{7E54D877-3D2D-4CC3-B8B8-DD5E7B0DEE4F}.Debug|x86.ActiveCfg = Debug|Win32
		{7E54D877-3D2D-4CC3-B8B8-DD5E7B0DEE4F}.Debug|x86.Build.0 = Debug|Win32
		{7E54D877-3D2D-4CC3-B8B8-DD5E7B0DEE4F}.Release|x64.ActiveCfg = Release|x64
		{7E54D877-3D2D-4CC3-B8B8-DD5E7B0DEE4F}.Release|x64.Build.0 = Release|x64
		{7E54D877-3D2D-4CC3-B8B8-DD5E7B0DEE4F}.Release|x86.ActiveCfg = Release|Win32
		{7E54D877-3D2D-4CC3-B8B8-DD5E7B0DEE4F}.Release|x86.Build.0 = Release|Win32
		{6319D057-52D1-46A2-872F-7AAA07331B05}.Debug|x64.ActiveCfg = Debug|x64
		{6319D057-52D1-46A2-872F-7AAA07331B05}.Debug|x64.Build.0 = Debug|x64
		{6319D057-52D1-46A2-872F-7AAA07331B05}.Debug|x86.ActiveCfg = Debug|Win32
		{6319D057-52D1-46A2-872F-7AAA07331B05}.Debug|x86.Build.0 = Debug|Win32
		{6319D057-52D1-46A2-872F-7AAA07331B05}.Release|x64.ActiveCfg = Release|x64
		{6319D057-52D1-46A2-872F-7AAA07331B05}.Release|x64.Build.0 = Release|x64
		{6319D057-52D1-46A2-872F-7AAA07331B05}.Release|x86.ActiveCfg = Release|Win32
		{6319D057-52D1-46A2-872F-7AAA07331B05}.Release|x86.Build.0 = Release|Win32
		{58AE161B-17C8-4558-AD78-43B6EA564273}.Debug|x64.ActiveCfg = Debug|x64
		{58AE161B-17C8-4558-AD78-43B6EA564273}.Debug|x64.Build.0 = Debug|x64
		{58AE161B-17C8-4558-AD78-43B6EA564273}.Debug|x86.ActiveCfg = Debug|Win32
		{58AE161B-17C8-4558-AD78-43B6EA564273}.Debug|x86.Build.0 = Debug|Win32
		{58AE161B-17C8-4558-AD78-43B6EA564273}.Release|x64.ActiveCfg = Release|x64
		{58AE161B-17C8-4558-AD78-43B6EA564273}.Release|x64.Build.0 = Release|x64
		{58AE161B-17C8-4558-AD78-43B6EA564273}.Release|x86.ActiveCfg = Release|Win32
		{58AE161B-17C8-4558-AD78-43B6EA564273}.Release|x86.Build.0 = Release|Win32
		{5C60B29B-FE18-4AB3-A9D7-4301E5A25E65}.Debug|x64.ActiveCfg = Debug|x64
		{5C60B29B-FE18-4AB3-A9D7-4301E5A25E65}.Debug|x64.Build.0 = Debug|x64
		{5C60B29B-FE18-4AB3-A9D7-4301E5A25E65}.Debug|x86.ActiveCfg = Debug|Win32
		{5C60B29B-FE18-4AB3-A9D7-4301E5A25E65}.Debug|x86.Build.0 = Debug|Win32
		{5C60B29B-FE18-4AB3-A9D7-4301E5A25E65}.Release|x64.ActiveCfg = Release|x64
		{5C60B29B-FE18-4AB3-A9D7-4301E5A25E65}.Release|x64.Build.0 = Release|x64
		{5C60B29B-FE18-4AB3-A9D7-4301E5A25E65}.Release|x86.ActiveCfg = Release|Win32
		{5C60B29B-FE18-4AB3-A9D7-4301E5A25E65}.Release|x86.Build.0 = Release|Win32
	EndGlobalSection
	GlobalSection(SolutionProperties) = preSolution
		HideSolutionNode = FALSE
	EndGlobalSection
	GlobalSection(ExtensibilityGlobals) = postSolution
		SolutionGuid = {FE164FB4-B869-4796-8CCC-DB11038A7B8E}
	EndGlobalSection
EndGlobal
